// !$*UTF8*$!
{
	archiveVersion = 1;
	classes = {
	};
	objectVersion = 50;
	objects = {

/* Begin PBXBuildFile section */
		746EDD9E257E9FE600764AA0 /* AppDelegate.swift in Sources */ = {isa = PBXBuildFile; fileRef = 746EDD9D257E9FE600764AA0 /* AppDelegate.swift */; };
		746EDDA0257E9FE600764AA0 /* SceneDelegate.swift in Sources */ = {isa = PBXBuildFile; fileRef = 746EDD9F257E9FE600764AA0 /* SceneDelegate.swift */; };
		746EDDA5257E9FE600764AA0 /* Main.storyboard in Resources */ = {isa = PBXBuildFile; fileRef = 746EDDA3257E9FE600764AA0 /* Main.storyboard */; };
		746EDDA7257E9FEC00764AA0 /* Assets.xcassets in Resources */ = {isa = PBXBuildFile; fileRef = 746EDDA6257E9FEC00764AA0 /* Assets.xcassets */; };
		746EDDAA257E9FEC00764AA0 /* LaunchScreen.storyboard in Resources */ = {isa = PBXBuildFile; fileRef = 746EDDA8257E9FEC00764AA0 /* LaunchScreen.storyboard */; };
		746EDDB4257EA0C900764AA0 /* HabitsStore.swift in Sources */ = {isa = PBXBuildFile; fileRef = 746EDDB3257EA0C900764AA0 /* HabitsStore.swift */; };
		746EDDB8257EA5C900764AA0 /* HabitsViewController.swift in Sources */ = {isa = PBXBuildFile; fileRef = 746EDDB7257EA5C900764AA0 /* HabitsViewController.swift */; };
		746EDDBB257EA5D700764AA0 /* InfoViewController.swift in Sources */ = {isa = PBXBuildFile; fileRef = 746EDDBA257EA5D700764AA0 /* InfoViewController.swift */; };
		746EDDC0257EABAE00764AA0 /* UIView+MyHabits.swift in Sources */ = {isa = PBXBuildFile; fileRef = 746EDDBF257EABAE00764AA0 /* UIView+MyHabits.swift */; };
		746EDDC7257EADD800764AA0 /* StyleHelper.swift in Sources */ = {isa = PBXBuildFile; fileRef = 746EDDC6257EADD800764AA0 /* StyleHelper.swift */; };
		746EDDD0257EB9EE00764AA0 /* HabitViewController.swift in Sources */ = {isa = PBXBuildFile; fileRef = 746EDDCF257EB9EE00764AA0 /* HabitViewController.swift */; };
		746EDDD4257EBAAB00764AA0 /* UILabel+MyHabits.swift in Sources */ = {isa = PBXBuildFile; fileRef = 746EDDD3257EBAAB00764AA0 /* UILabel+MyHabits.swift */; };
/* End PBXBuildFile section */

/* Begin PBXFileReference section */
		746EDD9A257E9FE600764AA0 /* MyHabits.app */ = {isa = PBXFileReference; explicitFileType = wrapper.application; includeInIndex = 0; path = MyHabits.app; sourceTree = BUILT_PRODUCTS_DIR; };
		746EDD9D257E9FE600764AA0 /* AppDelegate.swift */ = {isa = PBXFileReference; lastKnownFileType = sourcecode.swift; path = AppDelegate.swift; sourceTree = "<group>"; };
		746EDD9F257E9FE600764AA0 /* SceneDelegate.swift */ = {isa = PBXFileReference; lastKnownFileType = sourcecode.swift; path = SceneDelegate.swift; sourceTree = "<group>"; };
		746EDDA4257E9FE600764AA0 /* Base */ = {isa = PBXFileReference; lastKnownFileType = file.storyboard; name = Base; path = Base.lproj/Main.storyboard; sourceTree = "<group>"; };
		746EDDA6257E9FEC00764AA0 /* Assets.xcassets */ = {isa = PBXFileReference; lastKnownFileType = folder.assetcatalog; path = Assets.xcassets; sourceTree = "<group>"; };
		746EDDA9257E9FEC00764AA0 /* Base */ = {isa = PBXFileReference; lastKnownFileType = file.storyboard; name = Base; path = Base.lproj/LaunchScreen.storyboard; sourceTree = "<group>"; };
		746EDDAB257E9FEC00764AA0 /* Info.plist */ = {isa = PBXFileReference; lastKnownFileType = text.plist.xml; path = Info.plist; sourceTree = "<group>"; };
		746EDDB3257EA0C900764AA0 /* HabitsStore.swift */ = {isa = PBXFileReference; fileEncoding = 4; lastKnownFileType = sourcecode.swift; path = HabitsStore.swift; sourceTree = "<group>"; };
		746EDDB7257EA5C900764AA0 /* HabitsViewController.swift */ = {isa = PBXFileReference; lastKnownFileType = sourcecode.swift; path = HabitsViewController.swift; sourceTree = "<group>"; };
		746EDDBA257EA5D700764AA0 /* InfoViewController.swift */ = {isa = PBXFileReference; lastKnownFileType = sourcecode.swift; path = InfoViewController.swift; sourceTree = "<group>"; };
		746EDDBF257EABAE00764AA0 /* UIView+MyHabits.swift */ = {isa = PBXFileReference; lastKnownFileType = sourcecode.swift; path = "UIView+MyHabits.swift"; sourceTree = "<group>"; };
		746EDDC6257EADD800764AA0 /* StyleHelper.swift */ = {isa = PBXFileReference; lastKnownFileType = sourcecode.swift; path = StyleHelper.swift; sourceTree = "<group>"; };
		746EDDCF257EB9EE00764AA0 /* HabitViewController.swift */ = {isa = PBXFileReference; lastKnownFileType = sourcecode.swift; path = HabitViewController.swift; sourceTree = "<group>"; };
		746EDDD3257EBAAB00764AA0 /* UILabel+MyHabits.swift */ = {isa = PBXFileReference; lastKnownFileType = sourcecode.swift; path = "UILabel+MyHabits.swift"; sourceTree = "<group>"; };
/* End PBXFileReference section */

/* Begin PBXFrameworksBuildPhase section */
		746EDD97257E9FE600764AA0 /* Frameworks */ = {
			isa = PBXFrameworksBuildPhase;
			buildActionMask = 2147483647;
			files = (
			);
			runOnlyForDeploymentPostprocessing = 0;
		};
/* End PBXFrameworksBuildPhase section */

/* Begin PBXGroup section */
		746EDD91257E9FE600764AA0 = {
			isa = PBXGroup;
			children = (
				746EDD9C257E9FE600764AA0 /* MyHabits */,
				746EDD9B257E9FE600764AA0 /* Products */,
			);
			sourceTree = "<group>";
		};
		746EDD9B257E9FE600764AA0 /* Products */ = {
			isa = PBXGroup;
			children = (
				746EDD9A257E9FE600764AA0 /* MyHabits.app */,
			);
			name = Products;
			sourceTree = "<group>";
		};
		746EDD9C257E9FE600764AA0 /* MyHabits */ = {
			isa = PBXGroup;
			children = (
				746EDDD2257EB9F700764AA0 /* Habits */,
				746EDDBA257EA5D700764AA0 /* InfoViewController.swift */,
				746EDDBE257EAB9600764AA0 /* Helpers */,
				746EDDB2257EA0C900764AA0 /* Data */,
				746EDD9D257E9FE600764AA0 /* AppDelegate.swift */,
				746EDD9F257E9FE600764AA0 /* SceneDelegate.swift */,
				746EDDA3257E9FE600764AA0 /* Main.storyboard */,
				746EDDA6257E9FEC00764AA0 /* Assets.xcassets */,
				746EDDA8257E9FEC00764AA0 /* LaunchScreen.storyboard */,
				746EDDAB257E9FEC00764AA0 /* Info.plist */,
			);
			path = MyHabits;
			sourceTree = "<group>";
		};
		746EDDB2257EA0C900764AA0 /* Data */ = {
			isa = PBXGroup;
			children = (
				746EDDB3257EA0C900764AA0 /* HabitsStore.swift */,
			);
			path = Data;
			sourceTree = "<group>";
		};
		746EDDBE257EAB9600764AA0 /* Helpers */ = {
			isa = PBXGroup;
			children = (
				746EDDBF257EABAE00764AA0 /* UIView+MyHabits.swift */,
				746EDDC6257EADD800764AA0 /* StyleHelper.swift */,
				746EDDD3257EBAAB00764AA0 /* UILabel+MyHabits.swift */,
			);
			path = Helpers;
			sourceTree = "<group>";
		};
		746EDDD2257EB9F700764AA0 /* Habits */ = {
			isa = PBXGroup;
			children = (
				746EDDB7257EA5C900764AA0 /* HabitsViewController.swift */,
				746EDDCF257EB9EE00764AA0 /* HabitViewController.swift */,
			);
			path = Habits;
			sourceTree = "<group>";
		};
/* End PBXGroup section */

/* Begin PBXNativeTarget section */
		746EDD99257E9FE600764AA0 /* MyHabits */ = {
			isa = PBXNativeTarget;
			buildConfigurationList = 746EDDAE257E9FEC00764AA0 /* Build configuration list for PBXNativeTarget "MyHabits" */;
			buildPhases = (
				746EDD96257E9FE600764AA0 /* Sources */,
				746EDD97257E9FE600764AA0 /* Frameworks */,
				746EDD98257E9FE600764AA0 /* Resources */,
			);
			buildRules = (
			);
			dependencies = (
			);
			name = MyHabits;
			productName = MyHabits;
			productReference = 746EDD9A257E9FE600764AA0 /* MyHabits.app */;
			productType = "com.apple.product-type.application";
		};
/* End PBXNativeTarget section */

/* Begin PBXProject section */
		746EDD92257E9FE600764AA0 /* Project object */ = {
			isa = PBXProject;
			attributes = {
				LastSwiftUpdateCheck = 1220;
				LastUpgradeCheck = 1220;
				TargetAttributes = {
					746EDD99257E9FE600764AA0 = {
						CreatedOnToolsVersion = 12.2;
					};
				};
			};
			buildConfigurationList = 746EDD95257E9FE600764AA0 /* Build configuration list for PBXProject "MyHabits" */;
			compatibilityVersion = "Xcode 9.3";
			developmentRegion = en;
			hasScannedForEncodings = 0;
			knownRegions = (
				en,
				Base,
			);
			mainGroup = 746EDD91257E9FE600764AA0;
			productRefGroup = 746EDD9B257E9FE600764AA0 /* Products */;
			projectDirPath = "";
			projectRoot = "";
			targets = (
				746EDD99257E9FE600764AA0 /* MyHabits */,
			);
		};
/* End PBXProject section */

/* Begin PBXResourcesBuildPhase section */
		746EDD98257E9FE600764AA0 /* Resources */ = {
			isa = PBXResourcesBuildPhase;
			buildActionMask = 2147483647;
			files = (
				746EDDAA257E9FEC00764AA0 /* LaunchScreen.storyboard in Resources */,
				746EDDA7257E9FEC00764AA0 /* Assets.xcassets in Resources */,
				746EDDA5257E9FE600764AA0 /* Main.storyboard in Resources */,
			);
			runOnlyForDeploymentPostprocessing = 0;
		};
/* End PBXResourcesBuildPhase section */

/* Begin PBXSourcesBuildPhase section */
		746EDD96257E9FE600764AA0 /* Sources */ = {
			isa = PBXSourcesBuildPhase;
			buildActionMask = 2147483647;
			files = (
				746EDDB4257EA0C900764AA0 /* HabitsStore.swift in Sources */,
				746EDDC0257EABAE00764AA0 /* UIView+MyHabits.swift in Sources */,
				746EDD9E257E9FE600764AA0 /* AppDelegate.swift in Sources */,
				746EDDD0257EB9EE00764AA0 /* HabitViewController.swift in Sources */,
				746EDDA0257E9FE600764AA0 /* SceneDelegate.swift in Sources */,
				746EDDB8257EA5C900764AA0 /* HabitsViewController.swift in Sources */,
				746EDDD4257EBAAB00764AA0 /* UILabel+MyHabits.swift in Sources */,
				746EDDBB257EA5D700764AA0 /* InfoViewController.swift in Sources */,
				746EDDC7257EADD800764AA0 /* StyleHelper.swift in Sources */,
			);
			runOnlyForDeploymentPostprocessing = 0;
		};
/* End PBXSourcesBuildPhase section */

/* Begin PBXVariantGroup section */
		746EDDA3257E9FE600764AA0 /* Main.storyboard */ = {
			isa = PBXVariantGroup;
			children = (
				746EDDA4257E9FE600764AA0 /* Base */,
			);
			name = Main.storyboard;
			sourceTree = "<group>";
		};
		746EDDA8257E9FEC00764AA0 /* LaunchScreen.storyboard */ = {
			isa = PBXVariantGroup;
			children = (
				746EDDA9257E9FEC00764AA0 /* Base */,
			);
			name = LaunchScreen.storyboard;
			sourceTree = "<group>";
		};
/* End PBXVariantGroup section */

/* Begin XCBuildConfiguration section */
		746EDDAC257E9FEC00764AA0 /* Debug */ = {
			isa = XCBuildConfiguration;
			buildSettings = {
				ALWAYS_SEARCH_USER_PATHS = NO;
				CLANG_ANALYZER_NONNULL = YES;
				CLANG_ANALYZER_NUMBER_OBJECT_CONVERSION = YES_AGGRESSIVE;
				CLANG_CXX_LANGUAGE_STANDARD = "gnu++14";
				CLANG_CXX_LIBRARY = "libc++";
				CLANG_ENABLE_MODULES = YES;
				CLANG_ENABLE_OBJC_ARC = YES;
				CLANG_ENABLE_OBJC_WEAK = YES;
				CLANG_WARN_BLOCK_CAPTURE_AUTORELEASING = YES;
				CLANG_WARN_BOOL_CONVERSION = YES;
				CLANG_WARN_COMMA = YES;
				CLANG_WARN_CONSTANT_CONVERSION = YES;
				CLANG_WARN_DEPRECATED_OBJC_IMPLEMENTATIONS = YES;
				CLANG_WARN_DIRECT_OBJC_ISA_USAGE = YES_ERROR;
				CLANG_WARN_DOCUMENTATION_COMMENTS = YES;
				CLANG_WARN_EMPTY_BODY = YES;
				CLANG_WARN_ENUM_CONVERSION = YES;
				CLANG_WARN_INFINITE_RECURSION = YES;
				CLANG_WARN_INT_CONVERSION = YES;
				CLANG_WARN_NON_LITERAL_NULL_CONVERSION = YES;
				CLANG_WARN_OBJC_IMPLICIT_RETAIN_SELF = YES;
				CLANG_WARN_OBJC_LITERAL_CONVERSION = YES;
				CLANG_WARN_OBJC_ROOT_CLASS = YES_ERROR;
				CLANG_WARN_QUOTED_INCLUDE_IN_FRAMEWORK_HEADER = YES;
				CLANG_WARN_RANGE_LOOP_ANALYSIS = YES;
				CLANG_WARN_STRICT_PROTOTYPES = YES;
				CLANG_WARN_SUSPICIOUS_MOVE = YES;
				CLANG_WARN_UNGUARDED_AVAILABILITY = YES_AGGRESSIVE;
				CLANG_WARN_UNREACHABLE_CODE = YES;
				CLANG_WARN__DUPLICATE_METHOD_MATCH = YES;
				COPY_PHASE_STRIP = NO;
				DEBUG_INFORMATION_FORMAT = dwarf;
				ENABLE_STRICT_OBJC_MSGSEND = YES;
				ENABLE_TESTABILITY = YES;
				GCC_C_LANGUAGE_STANDARD = gnu11;
				GCC_DYNAMIC_NO_PIC = NO;
				GCC_NO_COMMON_BLOCKS = YES;
				GCC_OPTIMIZATION_LEVEL = 0;
				GCC_PREPROCESSOR_DEFINITIONS = (
					"DEBUG=1",
					"$(inherited)",
				);
				GCC_WARN_64_TO_32_BIT_CONVERSION = YES;
				GCC_WARN_ABOUT_RETURN_TYPE = YES_ERROR;
				GCC_WARN_UNDECLARED_SELECTOR = YES;
				GCC_WARN_UNINITIALIZED_AUTOS = YES_AGGRESSIVE;
				GCC_WARN_UNUSED_FUNCTION = YES;
				GCC_WARN_UNUSED_VARIABLE = YES;
				IPHONEOS_DEPLOYMENT_TARGET = 14.2;
				MTL_ENABLE_DEBUG_INFO = INCLUDE_SOURCE;
				MTL_FAST_MATH = YES;
				ONLY_ACTIVE_ARCH = YES;
				SDKROOT = iphoneos;
				SWIFT_ACTIVE_COMPILATION_CONDITIONS = DEBUG;
				SWIFT_OPTIMIZATION_LEVEL = "-Onone";
			};
			name = Debug;
		};
		746EDDAD257E9FEC00764AA0 /* Release */ = {
			isa = XCBuildConfiguration;
			buildSettings = {
				ALWAYS_SEARCH_USER_PATHS = NO;
				CLANG_ANALYZER_NONNULL = YES;
				CLANG_ANALYZER_NUMBER_OBJECT_CONVERSION = YES_AGGRESSIVE;
				CLANG_CXX_LANGUAGE_STANDARD = "gnu++14";
				CLANG_CXX_LIBRARY = "libc++";
				CLANG_ENABLE_MODULES = YES;
				CLANG_ENABLE_OBJC_ARC = YES;
				CLANG_ENABLE_OBJC_WEAK = YES;
				CLANG_WARN_BLOCK_CAPTURE_AUTORELEASING = YES;
				CLANG_WARN_BOOL_CONVERSION = YES;
				CLANG_WARN_COMMA = YES;
				CLANG_WARN_CONSTANT_CONVERSION = YES;
				CLANG_WARN_DEPRECATED_OBJC_IMPLEMENTATIONS = YES;
				CLANG_WARN_DIRECT_OBJC_ISA_USAGE = YES_ERROR;
				CLANG_WARN_DOCUMENTATION_COMMENTS = YES;
				CLANG_WARN_EMPTY_BODY = YES;
				CLANG_WARN_ENUM_CONVERSION = YES;
				CLANG_WARN_INFINITE_RECURSION = YES;
				CLANG_WARN_INT_CONVERSION = YES;
				CLANG_WARN_NON_LITERAL_NULL_CONVERSION = YES;
				CLANG_WARN_OBJC_IMPLICIT_RETAIN_SELF = YES;
				CLANG_WARN_OBJC_LITERAL_CONVERSION = YES;
				CLANG_WARN_OBJC_ROOT_CLASS = YES_ERROR;
				CLANG_WARN_QUOTED_INCLUDE_IN_FRAMEWORK_HEADER = YES;
				CLANG_WARN_RANGE_LOOP_ANALYSIS = YES;
				CLANG_WARN_STRICT_PROTOTYPES = YES;
				CLANG_WARN_SUSPICIOUS_MOVE = YES;
				CLANG_WARN_UNGUARDED_AVAILABILITY = YES_AGGRESSIVE;
				CLANG_WARN_UNREACHABLE_CODE = YES;
				CLANG_WARN__DUPLICATE_METHOD_MATCH = YES;
				COPY_PHASE_STRIP = NO;
				DEBUG_INFORMATION_FORMAT = "dwarf-with-dsym";
				ENABLE_NS_ASSERTIONS = NO;
				ENABLE_STRICT_OBJC_MSGSEND = YES;
				GCC_C_LANGUAGE_STANDARD = gnu11;
				GCC_NO_COMMON_BLOCKS = YES;
				GCC_WARN_64_TO_32_BIT_CONVERSION = YES;
				GCC_WARN_ABOUT_RETURN_TYPE = YES_ERROR;
				GCC_WARN_UNDECLARED_SELECTOR = YES;
				GCC_WARN_UNINITIALIZED_AUTOS = YES_AGGRESSIVE;
				GCC_WARN_UNUSED_FUNCTION = YES;
				GCC_WARN_UNUSED_VARIABLE = YES;
				IPHONEOS_DEPLOYMENT_TARGET = 14.2;
				MTL_ENABLE_DEBUG_INFO = NO;
				MTL_FAST_MATH = YES;
				SDKROOT = iphoneos;
				SWIFT_COMPILATION_MODE = wholemodule;
				SWIFT_OPTIMIZATION_LEVEL = "-O";
				VALIDATE_PRODUCT = YES;
			};
			name = Release;
		};
		746EDDAF257E9FEC00764AA0 /* Debug */ = {
			isa = XCBuildConfiguration;
			buildSettings = {
				ASSETCATALOG_COMPILER_APPICON_NAME = AppIcon;
				ASSETCATALOG_COMPILER_GLOBAL_ACCENT_COLOR_NAME = AccentColor;
				CODE_SIGN_STYLE = Automatic;
				INFOPLIST_FILE = MyHabits/Info.plist;
				LD_RUNPATH_SEARCH_PATHS = (
					"$(inherited)",
					"@executable_path/Frameworks",
				);
				PRODUCT_BUNDLE_IDENTIFIER = ru.egorbadaev.MyHabits;
				PRODUCT_NAME = "$(TARGET_NAME)";
				SWIFT_VERSION = 5.0;
				TARGETED_DEVICE_FAMILY = "1,2";
			};
			name = Debug;
		};
		746EDDB0257E9FEC00764AA0 /* Release */ = {
			isa = XCBuildConfiguration;
			buildSettings = {
				ASSETCATALOG_COMPILER_APPICON_NAME = AppIcon;
				ASSETCATALOG_COMPILER_GLOBAL_ACCENT_COLOR_NAME = AccentColor;
				CODE_SIGN_STYLE = Automatic;
				INFOPLIST_FILE = MyHabits/Info.plist;
				LD_RUNPATH_SEARCH_PATHS = (
					"$(inherited)",
					"@executable_path/Frameworks",
				);
				PRODUCT_BUNDLE_IDENTIFIER = ru.egorbadaev.MyHabits;
				PRODUCT_NAME = "$(TARGET_NAME)";
				SWIFT_VERSION = 5.0;
				TARGETED_DEVICE_FAMILY = "1,2";
			};
			name = Release;
		};
/* End XCBuildConfiguration section */

/* Begin XCConfigurationList section */
		746EDD95257E9FE600764AA0 /* Build configuration list for PBXProject "MyHabits" */ = {
			isa = XCConfigurationList;
			buildConfigurations = (
				746EDDAC257E9FEC00764AA0 /* Debug */,
				746EDDAD257E9FEC00764AA0 /* Release */,
			);
			defaultConfigurationIsVisible = 0;
			defaultConfigurationName = Release;
		};
		746EDDAE257E9FEC00764AA0 /* Build configuration list for PBXNativeTarget "MyHabits" */ = {
			isa = XCConfigurationList;
			buildConfigurations = (
				746EDDAF257E9FEC00764AA0 /* Debug */,
				746EDDB0257E9FEC00764AA0 /* Release */,
			);
			defaultConfigurationIsVisible = 0;
			defaultConfigurationName = Release;
		};
/* End XCConfigurationList section */
	};
	rootObject = 746EDD92257E9FE600764AA0 /* Project object */;
}
